{
  "name": "server",
  "version": "1.0.0",
  "lockfileVersion": 1,
  "requires": true,
  "dependencies": {
    "@types/node": {
      "version": "17.0.5",
      "resolved": "http://nodepackages.hellobike.cn:4873/@types%2fnode/-/node-17.0.5.tgz",
      "integrity": "sha512-w3mrvNXLeDYV1GKTZorGJQivK6XLCoGwpnyJFbJVK/aTBQUxOCaa/GlFAAN3OTDFcb7h5tiFG+YXCO2By+riZw=="
    },
    "@types/webidl-conversions": {
      "version": "6.1.1",
      "resolved": "http://nodepackages.hellobike.cn:4873/@types%2fwebidl-conversions/-/webidl-conversions-6.1.1.tgz",
      "integrity": "sha1-4zvI6oEqAfY/kEgcZmM0hEsSoJ4="
    },
    "@types/whatwg-url": {
      "version": "8.2.1",
      "resolved": "http://nodepackages.hellobike.cn:4873/@types%2fwhatwg-url/-/whatwg-url-8.2.1.tgz",
      "integrity": "sha1-8arCItq3xZ4BFmOgywoxF7LvBdQ=",
      "requires": {
        "@types/node": "*",
        "@types/webidl-conversions": "*"
      }
    },
    "accepts": {
      "version": "1.3.7",
      "resolved": "http://nodepackages.hellobike.cn:4873/accepts/-/accepts-1.3.7.tgz",
      "integrity": "sha1-UxvHJlF6OytB+FACHGzBXqq1B80=",
      "requires": {
        "mime-types": "~2.1.24",
        "negotiator": "0.6.2"
      }
    },
    "axios": {
      "version": "0.25.0",
      "resolved": "http://nodepackages.hellobike.cn:4873/axios/-/axios-0.25.0.tgz",
      "integrity": "sha512-cD8FOb0tRH3uuEe6+evtAbgJtfxr7ly3fQjYcMcuPlgkwVS9xboaVIpcDV+cYQe+yGykgwZCs1pzjntcGa6l5g==",
      "requires": {
        "follow-redirects": "^1.14.7"
      }
    },
    "base64-js": {
      "version": "1.5.1",
      "resolved": "http://nodepackages.hellobike.cn:4873/base64-js/-/base64-js-1.5.1.tgz",
      "integrity": "sha1-GxtEAWClv3rUC2UPCVljSBkDkwo="
    },
    "bson": {
      "version": "4.6.1",
      "resolved": "http://nodepackages.hellobike.cn:4873/bson/-/bson-4.6.1.tgz",
      "integrity": "sha512-I1LQ7Hz5zgwR4QquilLNZwbhPw0Apx7i7X9kGMBTsqPdml/03Q9NBtD9nt/19ahjlphktQImrnderxqpzeVDjw==",
      "requires": {
        "buffer": "^5.6.0"
      }
    },
    "buffer": {
      "version": "5.7.1",
      "resolved": "http://nodepackages.hellobike.cn:4873/buffer/-/buffer-5.7.1.tgz",
      "integrity": "sha1-umLnwTEzBTWCGXFghRqPZI6Z7tA=",
      "requires": {
        "base64-js": "^1.3.1",
        "ieee754": "^1.1.13"
      }
    },
    "bytes": {
      "version": "3.1.1",
      "resolved": "http://nodepackages.hellobike.cn:4873/bytes/-/bytes-3.1.1.tgz",
      "integrity": "sha1-PwGCkctMutmsy25pcLypyIieh5o="
    },
    "cache-content-type": {
      "version": "1.0.1",
      "resolved": "http://nodepackages.hellobike.cn:4873/cache-content-type/-/cache-content-type-1.0.1.tgz",
      "integrity": "sha1-A1zeKwjuISn0qDFeqPAKANuhRTw=",
      "requires": {
        "mime-types": "^2.1.18",
        "ylru": "^1.2.0"
      }
    },
    "call-bind": {
      "version": "1.0.2",
      "resolved": "http://nodepackages.hellobike.cn:4873/call-bind/-/call-bind-1.0.2.tgz",
      "integrity": "sha1-sdTonmiBGcPJqQOtMKuy9qkZvjw=",
      "requires": {
        "function-bind": "^1.1.1",
        "get-intrinsic": "^1.0.2"
      }
    },
    "co": {
      "version": "4.6.0",
      "resolved": "http://nodepackages.hellobike.cn:4873/co/-/co-4.6.0.tgz",
      "integrity": "sha1-bqa989hTrlTMuOR7+gvz+QMfsYQ="
    },
    "co-body": {
      "version": "6.1.0",
      "resolved": "http://nodepackages.hellobike.cn:4873/co-body/-/co-body-6.1.0.tgz",
      "integrity": "sha1-2HqO/DVk+b/jrO2O9c0Ex6h2ZUc=",
      "requires": {
        "inflation": "^2.0.0",
        "qs": "^6.5.2",
        "raw-body": "^2.3.3",
        "type-is": "^1.6.16"
      }
    },
    "content-disposition": {
      "version": "0.5.4",
      "resolved": "http://nodepackages.hellobike.cn:4873/content-disposition/-/content-disposition-0.5.4.tgz",
      "integrity": "sha512-FveZTNuGw04cxlAiWbzi6zTAL/lhehaWbTtgluJh4/E95DqMwTmha3KZN1aAWA8cFIhHzMZUvLevkw5Rqk+tSQ==",
      "requires": {
        "safe-buffer": "5.2.1"
      }
    },
    "content-type": {
      "version": "1.0.4",
      "resolved": "http://nodepackages.hellobike.cn:4873/content-type/-/content-type-1.0.4.tgz",
      "integrity": "sha1-4TjMdeBAxyexlm/l5fjJruJW/js="
    },
    "cookies": {
      "version": "0.8.0",
      "resolved": "http://nodepackages.hellobike.cn:4873/cookies/-/cookies-0.8.0.tgz",
      "integrity": "sha1-EpPOSzkXQKhAbjyYcOgoxLVPP5A=",
      "requires": {
        "depd": "~2.0.0",
        "keygrip": "~1.1.0"
      }
    },
    "copy-to": {
      "version": "2.0.1",
      "resolved": "http://nodepackages.hellobike.cn:4873/copy-to/-/copy-to-2.0.1.tgz",
      "integrity": "sha1-JoD7uAaKSNCGVrYJgJK9r8kG9KU="
    },
    "core-util-is": {
      "version": "1.0.3",
      "resolved": "http://nodepackages.hellobike.cn:4873/core-util-is/-/core-util-is-1.0.3.tgz",
      "integrity": "sha1-pgQtNjTCsn6TKPg3uWX6yDgI24U="
    },
    "crc": {
      "version": "3.8.0",
      "resolved": "http://nodepackages.hellobike.cn:4873/crc/-/crc-3.8.0.tgz",
      "integrity": "sha1-rWAmnCyFb4wpnixMwN5FVpFAVsY=",
      "requires": {
        "buffer": "^5.1.0"
      }
    },
    "crypto-js": {
      "version": "4.1.1",
      "resolved": "http://nodepackages.hellobike.cn:4873/crypto-js/-/crypto-js-4.1.1.tgz",
      "integrity": "sha1-nkhbzwNSEEG9hYRHhrg/t2GXNs8="
    },
    "debug": {
      "version": "4.3.3",
      "resolved": "http://nodepackages.hellobike.cn:4873/debug/-/debug-4.3.3.tgz",
      "integrity": "sha512-/zxw5+vh1Tfv+4Qn7a5nsbcJKPaSvCDhojn6FEl9vupwK2VCSDtEiEtqr8DFtzYFOdz63LBkxec7DYuc2jon6Q==",
      "requires": {
        "ms": "2.1.2"
      }
    },
    "deep-equal": {
      "version": "1.0.1",
      "resolved": "http://nodepackages.hellobike.cn:4873/deep-equal/-/deep-equal-1.0.1.tgz",
      "integrity": "sha1-9dJgKStmDghO/0zbyfCK0yR0SLU="
    },
    "delegates": {
      "version": "1.0.0",
      "resolved": "http://nodepackages.hellobike.cn:4873/delegates/-/delegates-1.0.0.tgz",
      "integrity": "sha1-hMbhWbgZBP3KWaDvRM2HDTElD5o="
    },
    "denque": {
      "version": "2.0.1",
      "resolved": "http://nodepackages.hellobike.cn:4873/denque/-/denque-2.0.1.tgz",
      "integrity": "sha1-vO9MG4DcMu/pdRV0TyGkIpq4k0o="
    },
    "depd": {
      "version": "2.0.0",
      "resolved": "http://nodepackages.hellobike.cn:4873/depd/-/depd-2.0.0.tgz",
      "integrity": "sha1-tpYWPMdXVg0JzyLMj60Vcbeedt8="
    },
    "destroy": {
      "version": "1.0.4",
      "resolved": "http://nodepackages.hellobike.cn:4873/destroy/-/destroy-1.0.4.tgz",
      "integrity": "sha1-l4hXRCxEdJ5CBmE+N5RiBYJqvYA="
    },
    "ee-first": {
      "version": "1.1.1",
      "resolved": "http://nodepackages.hellobike.cn:4873/ee-first/-/ee-first-1.1.1.tgz",
      "integrity": "sha1-WQxhFWsK4vTwJVcyoViyZrxWsh0="
    },
    "encodeurl": {
      "version": "1.0.2",
      "resolved": "http://nodepackages.hellobike.cn:4873/encodeurl/-/encodeurl-1.0.2.tgz",
      "integrity": "sha1-rT/0yG7C0CkyL1oCw6mmBslbP1k="
    },
    "escape-html": {
      "version": "1.0.3",
      "resolved": "http://nodepackages.hellobike.cn:4873/escape-html/-/escape-html-1.0.3.tgz",
      "integrity": "sha1-Aljq5NPQwJdN4cFpGI7wBR0dGYg="
    },
    "follow-redirects": {
      "version": "1.14.7",
      "resolved": "http://nodepackages.hellobike.cn:4873/follow-redirects/-/follow-redirects-1.14.7.tgz",
      "integrity": "sha512-+hbxoLbFMbRKDwohX8GkTataGqO6Jb7jGwpAlwgy2bIz25XtRm7KEzJM76R1WiNT5SwZkX4Y75SwBolkpmE7iQ=="
    },
    "fresh": {
      "version": "0.5.2",
      "resolved": "http://nodepackages.hellobike.cn:4873/fresh/-/fresh-0.5.2.tgz",
      "integrity": "sha1-PYyt2Q2XZWn6g1qx+OSyOhBWBac="
    },
    "function-bind": {
      "version": "1.1.1",
      "resolved": "http://nodepackages.hellobike.cn:4873/function-bind/-/function-bind-1.1.1.tgz",
      "integrity": "sha1-pWiZ0+o8m6uHS7l3O3xe3pL0iV0="
    },
    "get-intrinsic": {
      "version": "1.1.1",
      "resolved": "http://nodepackages.hellobike.cn:4873/get-intrinsic/-/get-intrinsic-1.1.1.tgz",
      "integrity": "sha1-FfWfN2+FXERpY5SPDSTNNje0q8Y=",
      "requires": {
        "function-bind": "^1.1.1",
        "has": "^1.0.3",
        "has-symbols": "^1.0.1"
      }
    },
    "has": {
      "version": "1.0.3",
      "resolved": "http://nodepackages.hellobike.cn:4873/has/-/has-1.0.3.tgz",
      "integrity": "sha1-ci18v8H2qoJB8W3YFOAR4fQeh5Y=",
      "requires": {
        "function-bind": "^1.1.1"
      }
    },
    "has-symbols": {
      "version": "1.0.2",
      "resolved": "http://nodepackages.hellobike.cn:4873/has-symbols/-/has-symbols-1.0.2.tgz",
      "integrity": "sha1-Fl0wcMADCXUqEjakeTMeOsVvFCM="
    },
    "has-tostringtag": {
      "version": "1.0.0",
      "resolved": "http://nodepackages.hellobike.cn:4873/has-tostringtag/-/has-tostringtag-1.0.0.tgz",
      "integrity": "sha1-fhM4GKfTlHNPlB5zw9P5KR5liyU=",
      "requires": {
        "has-symbols": "^1.0.2"
      }
    },
    "http-assert": {
      "version": "1.5.0",
      "resolved": "http://nodepackages.hellobike.cn:4873/http-assert/-/http-assert-1.5.0.tgz",
      "integrity": "sha1-w4nM2HrBbtLfpiRv1zuSaqAOa48=",
      "requires": {
        "deep-equal": "~1.0.1",
        "http-errors": "~1.8.0"
      }
    },
    "http-errors": {
      "version": "1.8.1",
      "resolved": "http://nodepackages.hellobike.cn:4873/http-errors/-/http-errors-1.8.1.tgz",
      "integrity": "sha1-fD8oV3y8iiBziEVdvWIpXtB71ow=",
      "requires": {
        "depd": "~1.1.2",
        "inherits": "2.0.4",
        "setprototypeof": "1.2.0",
        "statuses": ">= 1.5.0 < 2",
        "toidentifier": "1.0.1"
      },
      "dependencies": {
        "depd": {
          "version": "1.1.2",
          "resolved": "http://nodepackages.hellobike.cn:4873/depd/-/depd-1.1.2.tgz",
          "integrity": "sha1-m81S4UwJd2PnSbJ0xDRu0uVgtak="
        }
      }
    },
    "iconv-lite": {
      "version": "0.4.24",
      "resolved": "http://nodepackages.hellobike.cn:4873/iconv-lite/-/iconv-lite-0.4.24.tgz",
      "integrity": "sha1-ICK0sl+93CHS9SSXSkdKr+czkIs=",
      "requires": {
        "safer-buffer": ">= 2.1.2 < 3"
      }
    },
    "ieee754": {
      "version": "1.2.1",
      "resolved": "http://nodepackages.hellobike.cn:4873/ieee754/-/ieee754-1.2.1.tgz",
      "integrity": "sha1-jrehCmP/8l0VpXsAFYbRd9Gw01I="
    },
    "inflation": {
      "version": "2.0.0",
      "resolved": "http://nodepackages.hellobike.cn:4873/inflation/-/inflation-2.0.0.tgz",
      "integrity": "sha1-i0F+R8KPklpFEz2RTKH9OJEH8w8="
    },
    "inherits": {
      "version": "2.0.4",
      "resolved": "http://nodepackages.hellobike.cn:4873/inherits/-/inherits-2.0.4.tgz",
      "integrity": "sha1-D6LGT5MpF8NDOg3tVTY6rjdBa3w="
    },
    "is-class-hotfix": {
      "version": "0.0.6",
      "resolved": "http://nodepackages.hellobike.cn:4873/is-class-hotfix/-/is-class-hotfix-0.0.6.tgz",
      "integrity": "sha1-pSfTH7IyeSgd3l84XHe13nCnJDU="
    },
    "is-generator-function": {
      "version": "1.0.10",
      "resolved": "http://nodepackages.hellobike.cn:4873/is-generator-function/-/is-generator-function-1.0.10.tgz",
      "integrity": "sha1-8VWLrxrBfg3up8BBXEODUf8rPHI=",
      "requires": {
        "has-tostringtag": "^1.0.0"
      }
    },
    "is-type-of": {
      "version": "1.2.1",
      "resolved": "http://nodepackages.hellobike.cn:4873/is-type-of/-/is-type-of-1.2.1.tgz",
      "integrity": "sha1-4mPsOFes608oxHEw7HjbCakg+MU=",
      "requires": {
        "core-util-is": "^1.0.2",
        "is-class-hotfix": "~0.0.6",
        "isstream": "~0.1.2"
      }
    },
    "isarray": {
      "version": "1.0.0",
      "resolved": "http://nodepackages.hellobike.cn:4873/isarray/-/isarray-1.0.0.tgz",
      "integrity": "sha1-u5NdSFgsuhaMBoNJV6VKPgcSTxE="
    },
    "isstream": {
      "version": "0.1.2",
      "resolved": "http://nodepackages.hellobike.cn:4873/isstream/-/isstream-0.1.2.tgz",
      "integrity": "sha1-R+Y/evVa+m+S4VAOaQ64uFKcCZo="
    },
    "json-stringify-safe": {
      "version": "5.0.1",
      "resolved": "http://nodepackages.hellobike.cn:4873/json-stringify-safe/-/json-stringify-safe-5.0.1.tgz",
      "integrity": "sha1-Epai1Y/UXxmg9s4B1lcB4sc1tus="
    },
    "kareem": {
      "version": "2.3.3",
      "resolved": "http://nodepackages.hellobike.cn:4873/kareem/-/kareem-2.3.3.tgz",
      "integrity": "sha512-uESCXM2KdtOQ8LOvKyTUXEeg0MkYp4wGglTIpGcYHvjJcS5sn2Wkfrfit8m4xSbaNDAw2KdI9elgkOxZbrFYbg=="
    },
    "keygrip": {
      "version": "1.1.0",
      "resolved": "http://nodepackages.hellobike.cn:4873/keygrip/-/keygrip-1.1.0.tgz",
      "integrity": "sha1-hxsWgdXhWcYqRFsMdLYV4JF+ciY=",
      "requires": {
        "tsscmp": "1.0.6"
      }
    },
    "koa": {
      "version": "2.13.4",
      "resolved": "http://nodepackages.hellobike.cn:4873/koa/-/koa-2.13.4.tgz",
      "integrity": "sha1-7lsMs54LgGnDjRFROcd0gz0yRi4=",
      "requires": {
        "accepts": "^1.3.5",
        "cache-content-type": "^1.0.0",
        "content-disposition": "~0.5.2",
        "content-type": "^1.0.4",
        "cookies": "~0.8.0",
        "debug": "^4.3.2",
        "delegates": "^1.0.0",
        "depd": "^2.0.0",
        "destroy": "^1.0.4",
        "encodeurl": "^1.0.2",
        "escape-html": "^1.0.3",
        "fresh": "~0.5.2",
        "http-assert": "^1.3.0",
        "http-errors": "^1.6.3",
        "is-generator-function": "^1.0.7",
        "koa-compose": "^4.1.0",
        "koa-convert": "^2.0.0",
        "on-finished": "^2.3.0",
        "only": "~0.0.2",
        "parseurl": "^1.3.2",
        "statuses": "^1.5.0",
        "type-is": "^1.6.16",
        "vary": "^1.1.2"
      }
    },
    "koa-bodyparser": {
      "version": "4.3.0",
      "resolved": "http://nodepackages.hellobike.cn:4873/koa-bodyparser/-/koa-bodyparser-4.3.0.tgz",
      "integrity": "sha1-J0x3hVX/SPoiHufzap+9us4idZo=",
      "requires": {
        "co-body": "^6.0.0",
        "copy-to": "^2.0.1"
      }
    },
    "koa-compose": {
      "version": "4.1.0",
      "resolved": "http://nodepackages.hellobike.cn:4873/koa-compose/-/koa-compose-4.1.0.tgz",
      "integrity": "sha1-UHMGuTcZAdtBEhyBLpI9DWfT6Hc="
    },
    "koa-convert": {
      "version": "2.0.0",
      "resolved": "http://nodepackages.hellobike.cn:4873/koa-convert/-/koa-convert-2.0.0.tgz",
      "integrity": "sha1-hqDETYHUBVG64i/uZwmQRXPupPU=",
      "requires": {
        "co": "^4.6.0",
        "koa-compose": "^4.1.0"
      }
    },
    "koa-is-json": {
      "version": "1.0.0",
      "resolved": "http://nodepackages.hellobike.cn:4873/koa-is-json/-/koa-is-json-1.0.0.tgz",
      "integrity": "sha1-JzwH7c3Ljfaiwat9We52SRRR7BQ="
    },
    "koa-json": {
      "version": "2.0.2",
      "resolved": "http://nodepackages.hellobike.cn:4873/koa-json/-/koa-json-2.0.2.tgz",
      "integrity": "sha1-Nq8U5uofXWRtfESihXAcb4Wk/eQ=",
      "requires": {
        "koa-is-json": "1",
        "streaming-json-stringify": "3"
      }
    },
    "koa-router": {
      "version": "10.1.1",
      "resolved": "http://nodepackages.hellobike.cn:4873/koa-router/-/koa-router-10.1.1.tgz",
      "integrity": "sha1-IICfgmSFGLhHJs1EUDeBPNmfF/8=",
      "requires": {
        "debug": "^4.1.1",
        "http-errors": "^1.7.3",
        "koa-compose": "^4.1.0",
        "methods": "^1.1.2",
        "path-to-regexp": "^6.1.0"
      }
    },
    "koa-session": {
      "version": "6.2.0",
      "resolved": "http://nodepackages.hellobike.cn:4873/koa-session/-/koa-session-6.2.0.tgz",
      "integrity": "sha1-wNoqgItSD2KiXayfKRS1gLJAIHg=",
      "requires": {
        "crc": "^3.4.4",
        "debug": "^3.1.0",
        "is-type-of": "^1.0.0",
        "uuid": "^3.3.2"
      },
      "dependencies": {
        "debug": {
          "version": "3.2.7",
          "resolved": "http://nodepackages.hellobike.cn:4873/debug/-/debug-3.2.7.tgz",
          "integrity": "sha1-clgLfpFF+zm2Z2+cXl+xALk0F5o=",
          "requires": {
            "ms": "^2.1.1"
          }
        }
      }
    },
    "media-typer": {
      "version": "0.3.0",
      "resolved": "http://nodepackages.hellobike.cn:4873/media-typer/-/media-typer-0.3.0.tgz",
      "integrity": "sha1-hxDXrwqmJvj/+hzgAWhUUmMlV0g="
    },
    "memory-pager": {
      "version": "1.5.0",
      "resolved": "http://nodepackages.hellobike.cn:4873/memory-pager/-/memory-pager-1.5.0.tgz",
      "integrity": "sha1-2HUWVdItOEaCdByXLyw9bfo+ZrU=",
      "optional": true
    },
    "methods": {
      "version": "1.1.2",
      "resolved": "http://nodepackages.hellobike.cn:4873/methods/-/methods-1.1.2.tgz",
      "integrity": "sha1-VSmk1nZUE07cxSZmVoNbD4Ua/O4="
    },
    "mime-db": {
      "version": "1.51.0",
      "resolved": "http://nodepackages.hellobike.cn:4873/mime-db/-/mime-db-1.51.0.tgz",
      "integrity": "sha1-2f9iRRhZsYNC2WCFDcPPt35j+ww="
    },
    "mime-types": {
      "version": "2.1.34",
      "resolved": "http://nodepackages.hellobike.cn:4873/mime-types/-/mime-types-2.1.34.tgz",
      "integrity": "sha1-WnEvnsFQNRGpRYA2QPr+CdN5PCQ=",
      "requires": {
        "mime-db": "1.51.0"
      }
    },
    "mongodb": {
      "version": "4.2.2",
      "resolved": "http://nodepackages.hellobike.cn:4873/mongodb/-/mongodb-4.2.2.tgz",
      "integrity": "sha512-zt8rCTnTKyMQppyt63qMnrLM5dbADgUk18ORPF1XbtHLIYCyc9hattaYHi0pqMvNxDpgGgUofSVzS+UQErgTug==",
      "requires": {
        "bson": "^4.6.0",
        "denque": "^2.0.1",
        "mongodb-connection-string-url": "^2.3.2",
        "saslprep": "^1.0.3"
      }
    },
    "mongodb-connection-string-url": {
      "version": "2.4.1",
      "resolved": "http://nodepackages.hellobike.cn:4873/mongodb-connection-string-url/-/mongodb-connection-string-url-2.4.1.tgz",
      "integrity": "sha512-d5Kd2bVsKcSA7YI/yo57fSTtMwRQdFkvc5IZwod1RRxJtECeWPPSo7zqcUGJELifRA//Igs4spVtYAmvFCatug==",
      "requires": {
        "@types/whatwg-url": "^8.2.1",
        "whatwg-url": "^11.0.0"
      }
    },
    "mongoose": {
      "version": "6.1.7",
      "resolved": "http://nodepackages.hellobike.cn:4873/mongoose/-/mongoose-6.1.7.tgz",
      "integrity": "sha512-GqU/G/5yu/CWBHdW24cfGPsW4rADER+eeXj+bwvb6mLjg6uAASl8GnE6pmEbafZJ4Uv9V7jf5LaBMJMNwvQEtg==",
      "requires": {
        "@types/node": "< 17.0.6",
        "bson": "^4.2.2",
        "kareem": "2.3.3",
        "mongodb": "4.2.2",
        "mpath": "0.8.4",
        "mquery": "4.0.0",
        "ms": "2.1.2",
        "regexp-clone": "1.0.0",
        "sift": "13.5.2",
        "sliced": "1.0.1"
      }
    },
    "mpath": {
      "version": "0.8.4",
      "resolved": "http://nodepackages.hellobike.cn:4873/mpath/-/mpath-0.8.4.tgz",
      "integrity": "sha1-a1ZtlYFiHZ6THdOxQu02GOdZkxM="
    },
    "mquery": {
      "version": "4.0.0",
      "resolved": "http://nodepackages.hellobike.cn:4873/mquery/-/mquery-4.0.0.tgz",
      "integrity": "sha1-bGIWCtJSiemeCECQd1fN/WK953U=",
      "requires": {
        "debug": "4.x",
        "regexp-clone": "^1.0.0",
        "sliced": "1.0.1"
      }
    },
    "ms": {
      "version": "2.1.2",
      "resolved": "http://nodepackages.hellobike.cn:4873/ms/-/ms-2.1.2.tgz",
      "integrity": "sha1-0J0fNXtEP0kzgqjrPM0YOHKuYAk="
    },
    "negotiator": {
      "version": "0.6.2",
      "resolved": "http://nodepackages.hellobike.cn:4873/negotiator/-/negotiator-0.6.2.tgz",
      "integrity": "sha1-/qz3zPUlp3rpY0Q2pkiD/+yjRvs="
    },
    "object-inspect": {
      "version": "1.12.0",
      "resolved": "http://nodepackages.hellobike.cn:4873/object-inspect/-/object-inspect-1.12.0.tgz",
      "integrity": "sha512-Ho2z80bVIvJloH+YzRmpZVQe87+qASmBUKZDWgx9cu+KDrX2ZDH/3tMy+gXbZETVGs2M8YdxObOh7XAtim9Y0g=="
    },
    "on-finished": {
      "version": "2.3.0",
      "resolved": "http://nodepackages.hellobike.cn:4873/on-finished/-/on-finished-2.3.0.tgz",
      "integrity": "sha1-IPEzZIGwg811M3mSoWlxqi2QaUc=",
      "requires": {
        "ee-first": "1.1.1"
      }
    },
    "only": {
      "version": "0.0.2",
      "resolved": "http://nodepackages.hellobike.cn:4873/only/-/only-0.0.2.tgz",
      "integrity": "sha1-Kv3oTQPlC5qO3EROMGEKcCle37Q="
    },
    "parseurl": {
      "version": "1.3.3",
      "resolved": "http://nodepackages.hellobike.cn:4873/parseurl/-/parseurl-1.3.3.tgz",
      "integrity": "sha1-naGee+6NEt/wUT7Vt2lXeTvC6NQ="
    },
    "path-to-regexp": {
      "version": "6.2.0",
      "resolved": "http://nodepackages.hellobike.cn:4873/path-to-regexp/-/path-to-regexp-6.2.0.tgz",
      "integrity": "sha1-97OAMzYQTDRoia3s5hRmkjBkXzg="
    },
    "process-nextick-args": {
      "version": "2.0.1",
      "resolved": "http://nodepackages.hellobike.cn:4873/process-nextick-args/-/process-nextick-args-2.0.1.tgz",
      "integrity": "sha1-eCDZsWEgzFXKmud5JoCufbptf+I="
    },
    "punycode": {
      "version": "2.1.1",
      "resolved": "http://nodepackages.hellobike.cn:4873/punycode/-/punycode-2.1.1.tgz",
      "integrity": "sha1-tYsBCsQMIsVldhbI0sLALHv0eew="
    },
    "qs": {
      "version": "6.10.3",
      "resolved": "http://nodepackages.hellobike.cn:4873/qs/-/qs-6.10.3.tgz",
      "integrity": "sha512-wr7M2E0OFRfIfJZjKGieI8lBKb7fRCH4Fv5KNPEs7gJ8jadvotdsS08PzOKR7opXhZ/Xkjtt3WF9g38drmyRqQ==",
      "requires": {
        "side-channel": "^1.0.4"
      }
    },
    "raw-body": {
      "version": "2.4.2",
      "resolved": "http://nodepackages.hellobike.cn:4873/raw-body/-/raw-body-2.4.2.tgz",
      "integrity": "sha1-uvPpwh7rztWd1lM6yHK3H3thyzI=",
      "requires": {
        "bytes": "3.1.1",
        "http-errors": "1.8.1",
        "iconv-lite": "0.4.24",
        "unpipe": "1.0.0"
      }
    },
    "readable-stream": {
      "version": "2.3.7",
      "resolved": "http://nodepackages.hellobike.cn:4873/readable-stream/-/readable-stream-2.3.7.tgz",
      "integrity": "sha1-Hsoc9xGu+BTAT2IlKjamL2yyO1c=",
      "requires": {
        "core-util-is": "~1.0.0",
        "inherits": "~2.0.3",
        "isarray": "~1.0.0",
        "process-nextick-args": "~2.0.0",
        "safe-buffer": "~5.1.1",
        "string_decoder": "~1.1.1",
        "util-deprecate": "~1.0.1"
      },
      "dependencies": {
        "safe-buffer": {
          "version": "5.1.2",
          "resolved": "http://nodepackages.hellobike.cn:4873/safe-buffer/-/safe-buffer-5.1.2.tgz",
          "integrity": "sha1-mR7GnSluAxN0fVm9/St0XDX4go0="
        }
      }
    },
    "regexp-clone": {
      "version": "1.0.0",
      "resolved": "http://nodepackages.hellobike.cn:4873/regexp-clone/-/regexp-clone-1.0.0.tgz",
      "integrity": "sha1-Ii25Z2IydwViYLmSYmNUoEzpv2M="
    },
    "safe-buffer": {
      "version": "5.2.1",
      "resolved": "http://nodepackages.hellobike.cn:4873/safe-buffer/-/safe-buffer-5.2.1.tgz",
      "integrity": "sha1-Hq+fqb2x/dTsdfWPnNtOa3gn7sY="
    },
    "safer-buffer": {
      "version": "2.1.2",
      "resolved": "http://nodepackages.hellobike.cn:4873/safer-buffer/-/safer-buffer-2.1.2.tgz",
      "integrity": "sha1-RPoWGwGHuVSd2Eu5GAL5vYOFzWo="
    },
    "saslprep": {
      "version": "1.0.3",
      "resolved": "http://nodepackages.hellobike.cn:4873/saslprep/-/saslprep-1.0.3.tgz",
      "integrity": "sha1-TAL5RrVs9UKX40e6EJPnrKxM8iY=",
      "optional": true,
      "requires": {
        "sparse-bitfield": "^3.0.3"
      }
    },
    "setprototypeof": {
      "version": "1.2.0",
      "resolved": "http://nodepackages.hellobike.cn:4873/setprototypeof/-/setprototypeof-1.2.0.tgz",
      "integrity": "sha1-ZsmiSnP5/CjL5msJ/tPTPcrxtCQ="
    },
    "side-channel": {
      "version": "1.0.4",
      "resolved": "http://nodepackages.hellobike.cn:4873/side-channel/-/side-channel-1.0.4.tgz",
      "integrity": "sha1-785cj9wQTudRslxY1CkAEfpeos8=",
      "requires": {
        "call-bind": "^1.0.0",
        "get-intrinsic": "^1.0.2",
        "object-inspect": "^1.9.0"
      }
    },
    "sift": {
      "version": "13.5.2",
      "resolved": "http://nodepackages.hellobike.cn:4873/sift/-/sift-13.5.2.tgz",
      "integrity": "sha1-JKcV4TxhewhhZs0EkX0gSlkcnaY="
    },
    "sliced": {
      "version": "1.0.1",
      "resolved": "http://nodepackages.hellobike.cn:4873/sliced/-/sliced-1.0.1.tgz",
      "integrity": "sha1-CzpmK10Ewxd7GSa+qCsD+Dei70E="
    },
    "sparse-bitfield": {
      "version": "3.0.3",
      "resolved": "http://nodepackages.hellobike.cn:4873/sparse-bitfield/-/sparse-bitfield-3.0.3.tgz",
      "integrity": "sha1-/0rm5oZWBWuks+eSqzM004JzyhE=",
      "optional": true,
      "requires": {
        "memory-pager": "^1.0.2"
      }
    },
    "statuses": {
      "version": "1.5.0",
      "resolved": "http://nodepackages.hellobike.cn:4873/statuses/-/statuses-1.5.0.tgz",
      "integrity": "sha1-Fhx9rBd2Wf2YEfQ3cfqZOBR4Yow="
    },
    "streaming-json-stringify": {
      "version": "3.1.0",
      "resolved": "http://nodepackages.hellobike.cn:4873/streaming-json-stringify/-/streaming-json-stringify-3.1.0.tgz",
      "integrity": "sha1-gCAEN6mTzDnE/gAmO3s7kDrIevU=",
      "requires": {
        "json-stringify-safe": "5",
        "readable-stream": "2"
      }
    },
    "string_decoder": {
      "version": "1.1.1",
      "resolved": "http://nodepackages.hellobike.cn:4873/string_decoder/-/string_decoder-1.1.1.tgz",
      "integrity": "sha1-nPFhG6YmhdcDCunkujQUnDrwP8g=",
      "requires": {
        "safe-buffer": "~5.1.0"
      },
      "dependencies": {
        "safe-buffer": {
          "version": "5.1.2",
          "resolved": "http://nodepackages.hellobike.cn:4873/safe-buffer/-/safe-buffer-5.1.2.tgz",
          "integrity": "sha1-mR7GnSluAxN0fVm9/St0XDX4go0="
        }
      }
    },
    "toidentifier": {
      "version": "1.0.1",
      "resolved": "http://nodepackages.hellobike.cn:4873/toidentifier/-/toidentifier-1.0.1.tgz",
      "integrity": "sha1-O+NDIaiKgg7RvYDfqjPkefu43TU="
    },
    "tr46": {
      "version": "3.0.0",
      "resolved": "http://nodepackages.hellobike.cn:4873/tr46/-/tr46-3.0.0.tgz",
      "integrity": "sha1-VVxOKXqVBhfo7t3vYzyH1NnWy/k=",
      "requires": {
        "punycode": "^2.1.1"
      }
    },
    "tsscmp": {
      "version": "1.0.6",
      "resolved": "http://nodepackages.hellobike.cn:4873/tsscmp/-/tsscmp-1.0.6.tgz",
      "integrity": "sha1-hbmVg6w1iexL/vgltQAKqRHWBes="
    },
    "type-is": {
      "version": "1.6.18",
      "resolved": "http://nodepackages.hellobike.cn:4873/type-is/-/type-is-1.6.18.tgz",
      "integrity": "sha1-TlUs0F3wlGfcvE73Od6J8s83wTE=",
      "requires": {
        "media-typer": "0.3.0",
        "mime-types": "~2.1.24"
      }
    },
    "unpipe": {
      "version": "1.0.0",
      "resolved": "http://nodepackages.hellobike.cn:4873/unpipe/-/unpipe-1.0.0.tgz",
      "integrity": "sha1-sr9O6FFKrmFltIF4KdIbLvSZBOw="
    },
    "util-deprecate": {
      "version": "1.0.2",
      "resolved": "http://nodepackages.hellobike.cn:4873/util-deprecate/-/util-deprecate-1.0.2.tgz",
      "integrity": "sha1-RQ1Nyfpw3nMnYvvS1KKJgUGaDM8="
    },
    "uuid": {
      "version": "3.4.0",
      "resolved": "http://nodepackages.hellobike.cn:4873/uuid/-/uuid-3.4.0.tgz",
      "integrity": "sha1-sj5DWK+oogL+ehAK8fX4g/AgB+4="
    },
    "vary": {
      "version": "1.1.2",
      "resolved": "http://nodepackages.hellobike.cn:4873/vary/-/vary-1.1.2.tgz",
      "integrity": "sha1-IpnwLG3tMNSllhsLn3RSShj2NPw="
    },
    "webidl-conversions": {
      "version": "7.0.0",
      "resolved": "http://nodepackages.hellobike.cn:4873/webidl-conversions/-/webidl-conversions-7.0.0.tgz",
      "integrity": "sha1-JWtOGIK+feu/AdBfCqIDl3jqCAo="
    },
    "whatwg-url": {
      "version": "11.0.0",
      "resolved": "http://nodepackages.hellobike.cn:4873/whatwg-url/-/whatwg-url-11.0.0.tgz",
      "integrity": "sha1-CoSe67X68hGbkBu3b9eVwoSNQBg=",
      "requires": {
        "tr46": "^3.0.0",
        "webidl-conversions": "^7.0.0"
      }
    },
    "ylru": {
      "version": "1.2.1",
      "resolved": "http://nodepackages.hellobike.cn:4873/ylru/-/ylru-1.2.1.tgz",
      "integrity": "sha1-9Xa2M0FUeYnB3nuiiHYJI7J/6E8="
    }
  }
}
